<?xml version="1.0" encoding="utf-8"?>
<Project ToolsVersion="4.0" xmlns:atg="http://atg.xbox.com" xmlns="http://schemas.microsoft.com/developer/msbuild/2003">
  <ItemGroup>
    <Filter Include="Resource Files">
      <UniqueIdentifier>{8e114980-c1a3-4ada-ad7c-83caadf5daeb}</UniqueIdentifier>
      <Extensions>rc;ico;cur;bmp;dlg;rc2;rct;bin;rgs;gif;jpg;jpeg;jpe</Extensions>
    </Filter>
    <Filter Include="DXUT">
      <UniqueIdentifier>{a43c5c25-0e86-4a20-b64a-883785ff74fd}</UniqueIdentifier>
    </Filter>
    <Filter Include="Shaders">
      <UniqueIdentifier>{2c3d4c8c-5d1a-459a-a05a-a4e4b608a44e}</UniqueIdentifier>
      <Extensions>fx;fxh;hlsl</Extensions>
    </Filter>
    <Filter Include="MainProc">
      <UniqueIdentifier>{2ffe9799-6664-4d79-9bfe-9c97dbfc76ee}</UniqueIdentifier>
    </Filter>
    <Filter Include="Manager">
      <UniqueIdentifier>{6794db38-1f4c-4fdc-8899-f9e46292e871}</UniqueIdentifier>
    </Filter>
    <Filter Include="Manager\ResourceManager">
      <UniqueIdentifier>{ef9ac471-4054-48ef-9175-826275d71c60}</UniqueIdentifier>
    </Filter>
    <Filter Include="Manager\RenderManager">
      <UniqueIdentifier>{1c52bd58-7997-4331-9eb9-7cebd8b50b3c}</UniqueIdentifier>
    </Filter>
    <Filter Include="Manager\CameraManager">
      <UniqueIdentifier>{004f3210-ad5b-4e9f-a52d-cd4d09eea446}</UniqueIdentifier>
    </Filter>
    <Filter Include="GameObject">
      <UniqueIdentifier>{f3497e18-f374-445c-af8f-03e4196550e2}</UniqueIdentifier>
    </Filter>
    <Filter Include="Manager\ObjectManager">
      <UniqueIdentifier>{5b17a6e5-aa93-4d34-a5e2-04276eee87fc}</UniqueIdentifier>
    </Filter>
    <Filter Include="GameObject\Character">
      <UniqueIdentifier>{8cc9c739-8a03-4da1-9f10-ad5140814915}</UniqueIdentifier>
    </Filter>
    <Filter Include="GameObject\Character\Soldier">
      <UniqueIdentifier>{d692e5eb-0b98-4c3d-859e-50a1041afedc}</UniqueIdentifier>
    </Filter>
    <Filter Include="Scene">
      <UniqueIdentifier>{7528cccc-7ebe-424a-98b1-e0a8d979a1c6}</UniqueIdentifier>
    </Filter>
    <Filter Include="Scene\IngameScene">
      <UniqueIdentifier>{c3951586-c569-4f7c-a681-2905f17f145b}</UniqueIdentifier>
    </Filter>
    <Filter Include="Manager\SceneManager">
      <UniqueIdentifier>{3992208d-5349-4fc1-8cc8-90bfc32f949e}</UniqueIdentifier>
    </Filter>
    <Filter Include="Animator">
      <UniqueIdentifier>{03aa906f-17f0-40f0-8374-35dc480905f1}</UniqueIdentifier>
    </Filter>
    <Filter Include="Manager\InputManager">
      <UniqueIdentifier>{63327208-438f-4660-9a51-c63042ff707a}</UniqueIdentifier>
    </Filter>
    <Filter Include="GameObject\MouseControll">
      <UniqueIdentifier>{efa2014d-416d-43e5-953f-6bcbd9ed51a4}</UniqueIdentifier>
    </Filter>
    <Filter Include="GameObject\Gun">
      <UniqueIdentifier>{72327774-3d1d-4524-88aa-f41f2c32046f}</UniqueIdentifier>
    </Filter>
    <Filter Include="Utility">
      <UniqueIdentifier>{e7352661-85d0-4ffa-9e41-602b0c1f1c42}</UniqueIdentifier>
    </Filter>
    <Filter Include="GameObject\Map">
      <UniqueIdentifier>{c8772ad7-9672-4f6a-9ad0-7707d98ba123}</UniqueIdentifier>
    </Filter>
    <Filter Include="Manager\GameManager">
      <UniqueIdentifier>{36c80678-d3d0-4ef6-9609-fde90ae0f0a2}</UniqueIdentifier>
    </Filter>
    <Filter Include="GameObject\Bullet">
      <UniqueIdentifier>{46751160-876c-4ae5-b02b-f49dd39bd705}</UniqueIdentifier>
    </Filter>
    <Filter Include="GameObject\Character\Firebat">
      <UniqueIdentifier>{e8f87093-f920-499b-8526-cb70f48a139a}</UniqueIdentifier>
    </Filter>
    <Filter Include="GameObject\Building">
      <UniqueIdentifier>{9e57803f-5cc1-4f9b-9b28-71ea8f2bec19}</UniqueIdentifier>
    </Filter>
  </ItemGroup>
  <ItemGroup>
    <None Include="DXUT\Optional\directx.ico">
      <Filter>Resource Files</Filter>
    </None>
    <ClInclude Include="DXUT\Core\DXUT.h">
      <Filter>DXUT</Filter>
    </ClInclude>
    <ClInclude Include="DXUT\Core\DXUTenum.h">
      <Filter>DXUT</Filter>
    </ClInclude>
    <ClInclude Include="DXUT\Core\DXUTmisc.h">
      <Filter>DXUT</Filter>
    </ClInclude>
    <ClCompile Include="DXUT\Core\DXUT.cpp">
      <Filter>DXUT</Filter>
    </ClCompile>
    <ClCompile Include="DXUT\Core\DXUTenum.cpp">
      <Filter>DXUT</Filter>
    </ClCompile>
    <ClCompile Include="DXUT\Core\DXUTmisc.cpp">
      <Filter>DXUT</Filter>
    </ClCompile>
    <ClInclude Include="DXUT\Optional\DXUTcamera.h">
      <Filter>DXUT</Filter>
    </ClInclude>
    <ClInclude Include="DXUT\Optional\DXUTgui.h">
      <Filter>DXUT</Filter>
    </ClInclude>
    <ClInclude Include="DXUT\Optional\DXUTres.h">
      <Filter>DXUT</Filter>
    </ClInclude>
    <ClInclude Include="DXUT\Optional\DXUTsettingsdlg.h">
      <Filter>DXUT</Filter>
    </ClInclude>
    <ClInclude Include="DXUT\Optional\SDKmesh.h">
      <Filter>DXUT</Filter>
    </ClInclude>
    <ClInclude Include="DXUT\Optional\SDKmisc.h">
      <Filter>DXUT</Filter>
    </ClInclude>
    <ClCompile Include="DXUT\Optional\DXUTcamera.cpp">
      <Filter>DXUT</Filter>
    </ClCompile>
    <ClCompile Include="DXUT\Optional\DXUTgui.cpp">
      <Filter>DXUT</Filter>
    </ClCompile>
    <ClCompile Include="DXUT\Optional\DXUTres.cpp">
      <Filter>DXUT</Filter>
    </ClCompile>
    <ClCompile Include="DXUT\Optional\DXUTsettingsdlg.cpp">
      <Filter>DXUT</Filter>
    </ClCompile>
    <ClCompile Include="DXUT\Optional\SDKmesh.cpp">
      <Filter>DXUT</Filter>
    </ClCompile>
    <ClCompile Include="DXUT\Optional\SDKmisc.cpp">
      <Filter>DXUT</Filter>
    </ClCompile>
  </ItemGroup>
  <ItemGroup>
    <ClCompile Include="SimulationContest201908.cpp" />
    <ClCompile Include="MainProc.cpp">
      <Filter>MainProc</Filter>
    </ClCompile>
    <ClCompile Include="ResourceManager.cpp">
      <Filter>Manager\ResourceManager</Filter>
    </ClCompile>
    <ClCompile Include="RenderManager.cpp">
      <Filter>Manager\RenderManager</Filter>
    </ClCompile>
    <ClCompile Include="CameraManager.cpp">
      <Filter>Manager\CameraManager</Filter>
    </ClCompile>
    <ClCompile Include="GameObject.cpp">
      <Filter>GameObject</Filter>
    </ClCompile>
    <ClCompile Include="ObjectManager.cpp">
      <Filter>Manager\ObjectManager</Filter>
    </ClCompile>
    <ClCompile Include="Character.cpp">
      <Filter>GameObject\Character</Filter>
    </ClCompile>
    <ClCompile Include="Soldier.cpp">
      <Filter>GameObject\Character\Soldier</Filter>
    </ClCompile>
    <ClCompile Include="IngameScene.cpp">
      <Filter>Scene\IngameScene</Filter>
    </ClCompile>
    <ClCompile Include="SceneManager.cpp">
      <Filter>Manager\SceneManager</Filter>
    </ClCompile>
    <ClCompile Include="Animator.cpp">
      <Filter>Animator</Filter>
    </ClCompile>
    <ClCompile Include="InputManager.cpp">
      <Filter>Manager\InputManager</Filter>
    </ClCompile>
    <ClCompile Include="MouseControll.cpp">
      <Filter>GameObject\MouseControll</Filter>
    </ClCompile>
    <ClCompile Include="Gun.cpp">
      <Filter>GameObject\Gun</Filter>
    </ClCompile>
    <ClCompile Include="Utility.cpp">
      <Filter>Utility</Filter>
    </ClCompile>
    <ClCompile Include="Map.cpp">
      <Filter>GameObject\Map</Filter>
    </ClCompile>
    <ClCompile Include="GameManager.cpp">
      <Filter>Manager\GameManager</Filter>
    </ClCompile>
    <ClCompile Include="Firebat.cpp">
      <Filter>GameObject\Character\Firebat</Filter>
    </ClCompile>
    <ClCompile Include="Building.cpp">
      <Filter>GameObject\Building</Filter>
    </ClCompile>
    <ClCompile Include="CharacterState.cpp">
      <Filter>GameObject\Character</Filter>
    </ClCompile>
    <ClCompile Include="Bullet.cpp">
      <Filter>GameObject\Bullet</Filter>
    </ClCompile>
  </ItemGroup>
  <ItemGroup>
    <ClInclude Include="stdafx.h" />
    <ClInclude Include="MainProc.h">
      <Filter>MainProc</Filter>
    </ClInclude>
    <ClInclude Include="Singleton.h">
      <Filter>Manager</Filter>
    </ClInclude>
    <ClInclude Include="ResourceManager.h">
      <Filter>Manager\ResourceManager</Filter>
    </ClInclude>
    <ClInclude Include="RenderManager.h">
      <Filter>Manager\RenderManager</Filter>
    </ClInclude>
    <ClInclude Include="CameraManager.h">
      <Filter>Manager\CameraManager</Filter>
    </ClInclude>
    <ClInclude Include="GameObject.h">
      <Filter>GameObject</Filter>
    </ClInclude>
    <ClInclude Include="ObjectManager.h">
      <Filter>Manager\ObjectManager</Filter>
    </ClInclude>
    <ClInclude Include="Character.h">
      <Filter>GameObject\Character</Filter>
    </ClInclude>
    <ClInclude Include="Soldier.h">
      <Filter>GameObject\Character\Soldier</Filter>
    </ClInclude>
    <ClInclude Include="IngameScene.h">
      <Filter>Scene\IngameScene</Filter>
    </ClInclude>
    <ClInclude Include="SceneManager.h">
      <Filter>Manager\SceneManager</Filter>
    </ClInclude>
    <ClInclude Include="Scene.h">
      <Filter>Scene</Filter>
    </ClInclude>
    <ClInclude Include="Animator.h">
      <Filter>Animator</Filter>
    </ClInclude>
    <ClInclude Include="InputManager.h">
      <Filter>Manager\InputManager</Filter>
    </ClInclude>
    <ClInclude Include="MouseControll.h">
      <Filter>GameObject\MouseControll</Filter>
    </ClInclude>
    <ClInclude Include="Gun.h">
      <Filter>GameObject\Gun</Filter>
    </ClInclude>
    <ClInclude Include="Utility.h">
      <Filter>Utility</Filter>
    </ClInclude>
    <ClInclude Include="Map.h">
      <Filter>GameObject\Map</Filter>
    </ClInclude>
    <ClInclude Include="GameManager.h">
      <Filter>Manager\GameManager</Filter>
    </ClInclude>
    <ClInclude Include="Firebat.h">
      <Filter>GameObject\Character\Firebat</Filter>
    </ClInclude>
    <ClInclude Include="Building.h">
      <Filter>GameObject\Building</Filter>
    </ClInclude>
    <ClInclude Include="CharacterState.h">
      <Filter>GameObject\Character</Filter>
    </ClInclude>
    <ClInclude Include="Bullet.h">
      <Filter>GameObject\Bullet</Filter>
    </ClInclude>
  </ItemGroup>
  <ItemGroup>
    <CLInclude Include="resource.h">
      <Filter>Resource Files</Filter>
    </CLInclude>
    <ResourceCompile Include="SimulationContest201908.rc">
      <Filter>Resource Files</Filter>
    </ResourceCompile>
  </ItemGroup>
  <ItemGroup>
  </ItemGroup>
</Project>